// !$*UTF8*$!
{
	archiveVersion = 1;
	classes = {
	};
	objectVersion = 52;
	objects = {

/* Begin PBXBuildFile section */
		10CA2F062655010C00AAC540 /* NasaMarsAPIApp.swift in Sources */ = {isa = PBXBuildFile; fileRef = 10CA2F052655010C00AAC540 /* NasaMarsAPIApp.swift */; };
		10CA2F082655010C00AAC540 /* TabScreenView.swift in Sources */ = {isa = PBXBuildFile; fileRef = 10CA2F072655010C00AAC540 /* TabScreenView.swift */; };
		10CA2F0A2655011200AAC540 /* Assets.xcassets in Resources */ = {isa = PBXBuildFile; fileRef = 10CA2F092655011200AAC540 /* Assets.xcassets */; };
		10CA2F0D2655011200AAC540 /* Preview Assets.xcassets in Resources */ = {isa = PBXBuildFile; fileRef = 10CA2F0C2655011200AAC540 /* Preview Assets.xcassets */; };
		10CA2F182655011200AAC540 /* NasaMarsAPITests.swift in Sources */ = {isa = PBXBuildFile; fileRef = 10CA2F172655011200AAC540 /* NasaMarsAPITests.swift */; };
		10CA2F232655011200AAC540 /* NasaMarsAPIUITests.swift in Sources */ = {isa = PBXBuildFile; fileRef = 10CA2F222655011200AAC540 /* NasaMarsAPIUITests.swift */; };
		10CA2F362655029300AAC540 /* cameraInformationByDate.json in Resources */ = {isa = PBXBuildFile; fileRef = 10CA2F352655029300AAC540 /* cameraInformationByDate.json */; };
		10CA2F39265502CB00AAC540 /* getPhotosByEarthDate.json in Resources */ = {isa = PBXBuildFile; fileRef = 10CA2F38265502CB00AAC540 /* getPhotosByEarthDate.json */; };
		10CA2F3D2655056800AAC540 /* ServiceLayerLogic.swift in Sources */ = {isa = PBXBuildFile; fileRef = 10CA2F3C2655056800AAC540 /* ServiceLayerLogic.swift */; };
		10CA2F432655103300AAC540 /* RoverPhotosModel.swift in Sources */ = {isa = PBXBuildFile; fileRef = 10CA2F422655103300AAC540 /* RoverPhotosModel.swift */; };
		10CA2F472655124400AAC540 /* NasaAPINetworkTest.swift in Sources */ = {isa = PBXBuildFile; fileRef = 10CA2F462655124400AAC540 /* NasaAPINetworkTest.swift */; };
		10CA2F482655157E00AAC540 /* cameraInformationByDate.json in Resources */ = {isa = PBXBuildFile; fileRef = 10CA2F352655029300AAC540 /* cameraInformationByDate.json */; };
		10CA2F492655158100AAC540 /* getPhotosByEarthDate.json in Resources */ = {isa = PBXBuildFile; fileRef = 10CA2F38265502CB00AAC540 /* getPhotosByEarthDate.json */; };
		10CA2F4B2655491200AAC540 /* Endpoints.swift in Sources */ = {isa = PBXBuildFile; fileRef = 10CA2F4A2655491200AAC540 /* Endpoints.swift */; };
		10CA2F4D2655495E00AAC540 /* NasaAPIViewModel.swift in Sources */ = {isa = PBXBuildFile; fileRef = 10CA2F4C2655495E00AAC540 /* NasaAPIViewModel.swift */; };
		10CA2F50265549A500AAC540 /* SDWebImageSwiftUI in Frameworks */ = {isa = PBXBuildFile; productRef = 10CA2F4F265549A500AAC540 /* SDWebImageSwiftUI */; };
		10CA2F52265549B800AAC540 /* NetworkProtocol.swift in Sources */ = {isa = PBXBuildFile; fileRef = 10CA2F51265549B800AAC540 /* NetworkProtocol.swift */; };
		10CA2F5426554A2F00AAC540 /* ServiceHelpers.swift in Sources */ = {isa = PBXBuildFile; fileRef = 10CA2F5326554A2F00AAC540 /* ServiceHelpers.swift */; };
		10CA2F56265552A700AAC540 /* Rover+HelperEnums.swift in Sources */ = {isa = PBXBuildFile; fileRef = 10CA2F55265552A700AAC540 /* Rover+HelperEnums.swift */; };
		10CA2F5826555AD000AAC540 /* SelectDateView.swift in Sources */ = {isa = PBXBuildFile; fileRef = 10CA2F5726555AD000AAC540 /* SelectDateView.swift */; };
		10CA2F5A265561BB00AAC540 /* RoverImages.swift in Sources */ = {isa = PBXBuildFile; fileRef = 10CA2F59265561BB00AAC540 /* RoverImages.swift */; };
		B04BA6EA2655A9750034297C /* CuriosityRoverView.swift in Sources */ = {isa = PBXBuildFile; fileRef = B04BA6E92655A9750034297C /* CuriosityRoverView.swift */; };
		B04BA6EC2655A9840034297C /* OpportunityRoverView.swift in Sources */ = {isa = PBXBuildFile; fileRef = B04BA6EB2655A9840034297C /* OpportunityRoverView.swift */; };
		B04BA6EE2655A98D0034297C /* SpiritRoverView.swift in Sources */ = {isa = PBXBuildFile; fileRef = B04BA6ED2655A98D0034297C /* SpiritRoverView.swift */; };
		B04BA6F02655B30D0034297C /* PhotosCellView.swift in Sources */ = {isa = PBXBuildFile; fileRef = B04BA6EF2655B30D0034297C /* PhotosCellView.swift */; };
/* End PBXBuildFile section */

/* Begin PBXContainerItemProxy section */
		10CA2F142655011200AAC540 /* PBXContainerItemProxy */ = {
			isa = PBXContainerItemProxy;
			containerPortal = 10CA2EFA2655010C00AAC540 /* Project object */;
			proxyType = 1;
			remoteGlobalIDString = 10CA2F012655010C00AAC540;
			remoteInfo = NasaMarsAPI;
		};
		10CA2F1F2655011200AAC540 /* PBXContainerItemProxy */ = {
			isa = PBXContainerItemProxy;
			containerPortal = 10CA2EFA2655010C00AAC540 /* Project object */;
			proxyType = 1;
			remoteGlobalIDString = 10CA2F012655010C00AAC540;
			remoteInfo = NasaMarsAPI;
		};
/* End PBXContainerItemProxy section */

/* Begin PBXFileReference section */
		10CA2F022655010C00AAC540 /* NasaMarsAPI.app */ = {isa = PBXFileReference; explicitFileType = wrapper.application; includeInIndex = 0; path = NasaMarsAPI.app; sourceTree = BUILT_PRODUCTS_DIR; };
		10CA2F052655010C00AAC540 /* NasaMarsAPIApp.swift */ = {isa = PBXFileReference; lastKnownFileType = sourcecode.swift; path = NasaMarsAPIApp.swift; sourceTree = "<group>"; };
		10CA2F072655010C00AAC540 /* TabScreenView.swift */ = {isa = PBXFileReference; lastKnownFileType = sourcecode.swift; path = TabScreenView.swift; sourceTree = "<group>"; };
		10CA2F092655011200AAC540 /* Assets.xcassets */ = {isa = PBXFileReference; lastKnownFileType = folder.assetcatalog; path = Assets.xcassets; sourceTree = "<group>"; };
		10CA2F0C2655011200AAC540 /* Preview Assets.xcassets */ = {isa = PBXFileReference; lastKnownFileType = folder.assetcatalog; path = "Preview Assets.xcassets"; sourceTree = "<group>"; };
		10CA2F0E2655011200AAC540 /* Info.plist */ = {isa = PBXFileReference; lastKnownFileType = text.plist.xml; path = Info.plist; sourceTree = "<group>"; };
		10CA2F132655011200AAC540 /* NasaMarsAPITests.xctest */ = {isa = PBXFileReference; explicitFileType = wrapper.cfbundle; includeInIndex = 0; path = NasaMarsAPITests.xctest; sourceTree = BUILT_PRODUCTS_DIR; };
		10CA2F172655011200AAC540 /* NasaMarsAPITests.swift */ = {isa = PBXFileReference; lastKnownFileType = sourcecode.swift; path = NasaMarsAPITests.swift; sourceTree = "<group>"; };
		10CA2F192655011200AAC540 /* Info.plist */ = {isa = PBXFileReference; lastKnownFileType = text.plist.xml; path = Info.plist; sourceTree = "<group>"; };
		10CA2F1E2655011200AAC540 /* NasaMarsAPIUITests.xctest */ = {isa = PBXFileReference; explicitFileType = wrapper.cfbundle; includeInIndex = 0; path = NasaMarsAPIUITests.xctest; sourceTree = BUILT_PRODUCTS_DIR; };
		10CA2F222655011200AAC540 /* NasaMarsAPIUITests.swift */ = {isa = PBXFileReference; lastKnownFileType = sourcecode.swift; path = NasaMarsAPIUITests.swift; sourceTree = "<group>"; };
		10CA2F242655011200AAC540 /* Info.plist */ = {isa = PBXFileReference; lastKnownFileType = text.plist.xml; path = Info.plist; sourceTree = "<group>"; };
		10CA2F352655029300AAC540 /* cameraInformationByDate.json */ = {isa = PBXFileReference; lastKnownFileType = text.json; path = cameraInformationByDate.json; sourceTree = "<group>"; };
		10CA2F38265502CB00AAC540 /* getPhotosByEarthDate.json */ = {isa = PBXFileReference; lastKnownFileType = text.json; path = getPhotosByEarthDate.json; sourceTree = "<group>"; };
		10CA2F3C2655056800AAC540 /* ServiceLayerLogic.swift */ = {isa = PBXFileReference; lastKnownFileType = sourcecode.swift; path = ServiceLayerLogic.swift; sourceTree = "<group>"; };
		10CA2F422655103300AAC540 /* RoverPhotosModel.swift */ = {isa = PBXFileReference; lastKnownFileType = sourcecode.swift; path = RoverPhotosModel.swift; sourceTree = "<group>"; };
		10CA2F462655124400AAC540 /* NasaAPINetworkTest.swift */ = {isa = PBXFileReference; lastKnownFileType = sourcecode.swift; path = NasaAPINetworkTest.swift; sourceTree = "<group>"; };
		10CA2F4A2655491200AAC540 /* Endpoints.swift */ = {isa = PBXFileReference; lastKnownFileType = sourcecode.swift; path = Endpoints.swift; sourceTree = "<group>"; };
		10CA2F4C2655495E00AAC540 /* NasaAPIViewModel.swift */ = {isa = PBXFileReference; lastKnownFileType = sourcecode.swift; path = NasaAPIViewModel.swift; sourceTree = "<group>"; };
		10CA2F51265549B800AAC540 /* NetworkProtocol.swift */ = {isa = PBXFileReference; lastKnownFileType = sourcecode.swift; path = NetworkProtocol.swift; sourceTree = "<group>"; };
		10CA2F5326554A2F00AAC540 /* ServiceHelpers.swift */ = {isa = PBXFileReference; lastKnownFileType = sourcecode.swift; path = ServiceHelpers.swift; sourceTree = "<group>"; };
		10CA2F55265552A700AAC540 /* Rover+HelperEnums.swift */ = {isa = PBXFileReference; lastKnownFileType = sourcecode.swift; path = "Rover+HelperEnums.swift"; sourceTree = "<group>"; };
		10CA2F5726555AD000AAC540 /* SelectDateView.swift */ = {isa = PBXFileReference; lastKnownFileType = sourcecode.swift; path = SelectDateView.swift; sourceTree = "<group>"; };
		10CA2F59265561BB00AAC540 /* RoverImages.swift */ = {isa = PBXFileReference; lastKnownFileType = sourcecode.swift; path = RoverImages.swift; sourceTree = "<group>"; };
		B04BA6E92655A9750034297C /* CuriosityRoverView.swift */ = {isa = PBXFileReference; lastKnownFileType = sourcecode.swift; path = CuriosityRoverView.swift; sourceTree = "<group>"; };
		B04BA6EB2655A9840034297C /* OpportunityRoverView.swift */ = {isa = PBXFileReference; lastKnownFileType = sourcecode.swift; path = OpportunityRoverView.swift; sourceTree = "<group>"; };
		B04BA6ED2655A98D0034297C /* SpiritRoverView.swift */ = {isa = PBXFileReference; lastKnownFileType = sourcecode.swift; path = SpiritRoverView.swift; sourceTree = "<group>"; };
		B04BA6EF2655B30D0034297C /* PhotosCellView.swift */ = {isa = PBXFileReference; lastKnownFileType = sourcecode.swift; path = PhotosCellView.swift; sourceTree = "<group>"; };
/* End PBXFileReference section */

/* Begin PBXFrameworksBuildPhase section */
		10CA2EFF2655010C00AAC540 /* Frameworks */ = {
			isa = PBXFrameworksBuildPhase;
			buildActionMask = 2147483647;
			files = (
				10CA2F50265549A500AAC540 /* SDWebImageSwiftUI in Frameworks */,
			);
			runOnlyForDeploymentPostprocessing = 0;
		};
		10CA2F102655011200AAC540 /* Frameworks */ = {
			isa = PBXFrameworksBuildPhase;
			buildActionMask = 2147483647;
			files = (
			);
			runOnlyForDeploymentPostprocessing = 0;
		};
		10CA2F1B2655011200AAC540 /* Frameworks */ = {
			isa = PBXFrameworksBuildPhase;
			buildActionMask = 2147483647;
			files = (
			);
			runOnlyForDeploymentPostprocessing = 0;
		};
/* End PBXFrameworksBuildPhase section */

/* Begin PBXGroup section */
		10CA2EF92655010C00AAC540 = {
			isa = PBXGroup;
			children = (
				10CA2F042655010C00AAC540 /* NasaMarsAPI */,
				10CA2F162655011200AAC540 /* NasaMarsAPITests */,
				10CA2F212655011200AAC540 /* NasaMarsAPIUITests */,
				10CA2F032655010C00AAC540 /* Products */,
			);
			sourceTree = "<group>";
		};
		10CA2F032655010C00AAC540 /* Products */ = {
			isa = PBXGroup;
			children = (
				10CA2F022655010C00AAC540 /* NasaMarsAPI.app */,
				10CA2F132655011200AAC540 /* NasaMarsAPITests.xctest */,
				10CA2F1E2655011200AAC540 /* NasaMarsAPIUITests.xctest */,
			);
			name = Products;
			sourceTree = "<group>";
		};
		10CA2F042655010C00AAC540 /* NasaMarsAPI */ = {
			isa = PBXGroup;
			children = (
				10CA2F342655020500AAC540 /* Utilities */,
				10CA2F33265501FF00AAC540 /* Service */,
				10CA2F32265501F900AAC540 /* ViewModel */,
				10CA2F31265501F200AAC540 /* Model */,
				10CA2F30265501E600AAC540 /* View */,
				10CA2F052655010C00AAC540 /* NasaMarsAPIApp.swift */,
				10CA2F092655011200AAC540 /* Assets.xcassets */,
				10CA2F0E2655011200AAC540 /* Info.plist */,
				10CA2F0B2655011200AAC540 /* Preview Content */,
			);
			path = NasaMarsAPI;
			sourceTree = "<group>";
		};
		10CA2F0B2655011200AAC540 /* Preview Content */ = {
			isa = PBXGroup;
			children = (
				10CA2F0C2655011200AAC540 /* Preview Assets.xcassets */,
			);
			path = "Preview Content";
			sourceTree = "<group>";
		};
		10CA2F162655011200AAC540 /* NasaMarsAPITests */ = {
			isa = PBXGroup;
			children = (
				10CA2F172655011200AAC540 /* NasaMarsAPITests.swift */,
				10CA2F192655011200AAC540 /* Info.plist */,
				10CA2F462655124400AAC540 /* NasaAPINetworkTest.swift */,
			);
			path = NasaMarsAPITests;
			sourceTree = "<group>";
		};
		10CA2F212655011200AAC540 /* NasaMarsAPIUITests */ = {
			isa = PBXGroup;
			children = (
				10CA2F222655011200AAC540 /* NasaMarsAPIUITests.swift */,
				10CA2F242655011200AAC540 /* Info.plist */,
			);
			path = NasaMarsAPIUITests;
			sourceTree = "<group>";
		};
		10CA2F30265501E600AAC540 /* View */ = {
			isa = PBXGroup;
			children = (
				B04BA6E82655A93B0034297C /* Rovers */,
				10CA2F072655010C00AAC540 /* TabScreenView.swift */,
				10CA2F5726555AD000AAC540 /* SelectDateView.swift */,
				10CA2F59265561BB00AAC540 /* RoverImages.swift */,
				B04BA6EF2655B30D0034297C /* PhotosCellView.swift */,
			);
			path = View;
			sourceTree = "<group>";
		};
		10CA2F31265501F200AAC540 /* Model */ = {
			isa = PBXGroup;
			children = (
				10CA2F422655103300AAC540 /* RoverPhotosModel.swift */,
			);
			path = Model;
			sourceTree = "<group>";
		};
		10CA2F32265501F900AAC540 /* ViewModel */ = {
			isa = PBXGroup;
			children = (
				10CA2F4C2655495E00AAC540 /* NasaAPIViewModel.swift */,
			);
			path = ViewModel;
			sourceTree = "<group>";
		};
		10CA2F33265501FF00AAC540 /* Service */ = {
			isa = PBXGroup;
			children = (
				10CA2F51265549B800AAC540 /* NetworkProtocol.swift */,
				10CA2F4A2655491200AAC540 /* Endpoints.swift */,
				10CA2F3C2655056800AAC540 /* ServiceLayerLogic.swift */,
				10CA2F5326554A2F00AAC540 /* ServiceHelpers.swift */,
				10CA2F55265552A700AAC540 /* Rover+HelperEnums.swift */,
			);
			path = Service;
			sourceTree = "<group>";
		};
		10CA2F342655020500AAC540 /* Utilities */ = {
			isa = PBXGroup;
			children = (
				10CA2F37265502A700AAC540 /* JsonData */,
			);
			path = Utilities;
			sourceTree = "<group>";
		};
		10CA2F37265502A700AAC540 /* JsonData */ = {
			isa = PBXGroup;
			children = (
				10CA2F352655029300AAC540 /* cameraInformationByDate.json */,
				10CA2F38265502CB00AAC540 /* getPhotosByEarthDate.json */,
			);
			path = JsonData;
			sourceTree = "<group>";
		};
		B04BA6E82655A93B0034297C /* Rovers */ = {
			isa = PBXGroup;
			children = (
				B04BA6E92655A9750034297C /* CuriosityRoverView.swift */,
				B04BA6EB2655A9840034297C /* OpportunityRoverView.swift */,
				B04BA6ED2655A98D0034297C /* SpiritRoverView.swift */,
			);
			path = Rovers;
			sourceTree = "<group>";
		};
/* End PBXGroup section */

/* Begin PBXNativeTarget section */
		10CA2F012655010C00AAC540 /* NasaMarsAPI */ = {
			isa = PBXNativeTarget;
			buildConfigurationList = 10CA2F272655011200AAC540 /* Build configuration list for PBXNativeTarget "NasaMarsAPI" */;
			buildPhases = (
				10CA2EFE2655010C00AAC540 /* Sources */,
				10CA2EFF2655010C00AAC540 /* Frameworks */,
				10CA2F002655010C00AAC540 /* Resources */,
			);
			buildRules = (
			);
			dependencies = (
			);
			name = NasaMarsAPI;
			packageProductDependencies = (
				10CA2F4F265549A500AAC540 /* SDWebImageSwiftUI */,
			);
			productName = NasaMarsAPI;
			productReference = 10CA2F022655010C00AAC540 /* NasaMarsAPI.app */;
			productType = "com.apple.product-type.application";
		};
		10CA2F122655011200AAC540 /* NasaMarsAPITests */ = {
			isa = PBXNativeTarget;
			buildConfigurationList = 10CA2F2A2655011200AAC540 /* Build configuration list for PBXNativeTarget "NasaMarsAPITests" */;
			buildPhases = (
				10CA2F0F2655011200AAC540 /* Sources */,
				10CA2F102655011200AAC540 /* Frameworks */,
				10CA2F112655011200AAC540 /* Resources */,
			);
			buildRules = (
			);
			dependencies = (
				10CA2F152655011200AAC540 /* PBXTargetDependency */,
			);
			name = NasaMarsAPITests;
			productName = NasaMarsAPITests;
			productReference = 10CA2F132655011200AAC540 /* NasaMarsAPITests.xctest */;
			productType = "com.apple.product-type.bundle.unit-test";
		};
		10CA2F1D2655011200AAC540 /* NasaMarsAPIUITests */ = {
			isa = PBXNativeTarget;
			buildConfigurationList = 10CA2F2D2655011200AAC540 /* Build configuration list for PBXNativeTarget "NasaMarsAPIUITests" */;
			buildPhases = (
				10CA2F1A2655011200AAC540 /* Sources */,
				10CA2F1B2655011200AAC540 /* Frameworks */,
				10CA2F1C2655011200AAC540 /* Resources */,
			);
			buildRules = (
			);
			dependencies = (
				10CA2F202655011200AAC540 /* PBXTargetDependency */,
			);
			name = NasaMarsAPIUITests;
			productName = NasaMarsAPIUITests;
			productReference = 10CA2F1E2655011200AAC540 /* NasaMarsAPIUITests.xctest */;
			productType = "com.apple.product-type.bundle.ui-testing";
		};
/* End PBXNativeTarget section */

/* Begin PBXProject section */
		10CA2EFA2655010C00AAC540 /* Project object */ = {
			isa = PBXProject;
			attributes = {
				LastSwiftUpdateCheck = 1250;
				LastUpgradeCheck = 1250;
				TargetAttributes = {
					10CA2F012655010C00AAC540 = {
						CreatedOnToolsVersion = 12.5;
					};
					10CA2F122655011200AAC540 = {
						CreatedOnToolsVersion = 12.5;
						TestTargetID = 10CA2F012655010C00AAC540;
					};
					10CA2F1D2655011200AAC540 = {
						CreatedOnToolsVersion = 12.5;
						TestTargetID = 10CA2F012655010C00AAC540;
					};
				};
			};
			buildConfigurationList = 10CA2EFD2655010C00AAC540 /* Build configuration list for PBXProject "NasaMarsAPI" */;
			compatibilityVersion = "Xcode 9.3";
			developmentRegion = en;
			hasScannedForEncodings = 0;
			knownRegions = (
				en,
				Base,
			);
			mainGroup = 10CA2EF92655010C00AAC540;
			packageReferences = (
				10CA2F4E265549A500AAC540 /* XCRemoteSwiftPackageReference "SDWebImageSwiftUI" */,
			);
			productRefGroup = 10CA2F032655010C00AAC540 /* Products */;
			projectDirPath = "";
			projectRoot = "";
			targets = (
				10CA2F012655010C00AAC540 /* NasaMarsAPI */,
				10CA2F122655011200AAC540 /* NasaMarsAPITests */,
				10CA2F1D2655011200AAC540 /* NasaMarsAPIUITests */,
			);
		};
/* End PBXProject section */

/* Begin PBXResourcesBuildPhase section */
		10CA2F002655010C00AAC540 /* Resources */ = {
			isa = PBXResourcesBuildPhase;
			buildActionMask = 2147483647;
			files = (
				10CA2F362655029300AAC540 /* cameraInformationByDate.json in Resources */,
				10CA2F0D2655011200AAC540 /* Preview Assets.xcassets in Resources */,
				10CA2F39265502CB00AAC540 /* getPhotosByEarthDate.json in Resources */,
				10CA2F0A2655011200AAC540 /* Assets.xcassets in Resources */,
			);
			runOnlyForDeploymentPostprocessing = 0;
		};
		10CA2F112655011200AAC540 /* Resources */ = {
			isa = PBXResourcesBuildPhase;
			buildActionMask = 2147483647;
			files = (
				10CA2F482655157E00AAC540 /* cameraInformationByDate.json in Resources */,
				10CA2F492655158100AAC540 /* getPhotosByEarthDate.json in Resources */,
			);
			runOnlyForDeploymentPostprocessing = 0;
		};
		10CA2F1C2655011200AAC540 /* Resources */ = {
			isa = PBXResourcesBuildPhase;
			buildActionMask = 2147483647;
			files = (
			);
			runOnlyForDeploymentPostprocessing = 0;
		};
/* End PBXResourcesBuildPhase section */

/* Begin PBXSourcesBuildPhase section */
		10CA2EFE2655010C00AAC540 /* Sources */ = {
			isa = PBXSourcesBuildPhase;
			buildActionMask = 2147483647;
			files = (
				10CA2F5826555AD000AAC540 /* SelectDateView.swift in Sources */,
				B04BA6F02655B30D0034297C /* PhotosCellView.swift in Sources */,
				10CA2F082655010C00AAC540 /* TabScreenView.swift in Sources */,
				10CA2F4D2655495E00AAC540 /* NasaAPIViewModel.swift in Sources */,
				10CA2F56265552A700AAC540 /* Rover+HelperEnums.swift in Sources */,
				10CA2F5A265561BB00AAC540 /* RoverImages.swift in Sources */,
				10CA2F5426554A2F00AAC540 /* ServiceHelpers.swift in Sources */,
				B04BA6EE2655A98D0034297C /* SpiritRoverView.swift in Sources */,
				10CA2F062655010C00AAC540 /* NasaMarsAPIApp.swift in Sources */,
				10CA2F432655103300AAC540 /* RoverPhotosModel.swift in Sources */,
				B04BA6EC2655A9840034297C /* OpportunityRoverView.swift in Sources */,
				B04BA6EA2655A9750034297C /* CuriosityRoverView.swift in Sources */,
				10CA2F52265549B800AAC540 /* NetworkProtocol.swift in Sources */,
				10CA2F4B2655491200AAC540 /* Endpoints.swift in Sources */,
				10CA2F3D2655056800AAC540 /* ServiceLayerLogic.swift in Sources */,
			);
			runOnlyForDeploymentPostprocessing = 0;
		};
		10CA2F0F2655011200AAC540 /* Sources */ = {
			isa = PBXSourcesBuildPhase;
			buildActionMask = 2147483647;
			files = (
				10CA2F472655124400AAC540 /* NasaAPINetworkTest.swift in Sources */,
				10CA2F182655011200AAC540 /* NasaMarsAPITests.swift in Sources */,
			);
			runOnlyForDeploymentPostprocessing = 0;
		};
		10CA2F1A2655011200AAC540 /* Sources */ = {
			isa = PBXSourcesBuildPhase;
			buildActionMask = 2147483647;
			files = (
				10CA2F232655011200AAC540 /* NasaMarsAPIUITests.swift in Sources */,
			);
			runOnlyForDeploymentPostprocessing = 0;
		};
/* End PBXSourcesBuildPhase section */

/* Begin PBXTargetDependency section */
		10CA2F152655011200AAC540 /* PBXTargetDependency */ = {
			isa = PBXTargetDependency;
			target = 10CA2F012655010C00AAC540 /* NasaMarsAPI */;
			targetProxy = 10CA2F142655011200AAC540 /* PBXContainerItemProxy */;
		};
		10CA2F202655011200AAC540 /* PBXTargetDependency */ = {
			isa = PBXTargetDependency;
			target = 10CA2F012655010C00AAC540 /* NasaMarsAPI */;
			targetProxy = 10CA2F1F2655011200AAC540 /* PBXContainerItemProxy */;
		};
/* End PBXTargetDependency section */

/* Begin XCBuildConfiguration section */
		10CA2F252655011200AAC540 /* Debug */ = {
			isa = XCBuildConfiguration;
			buildSettings = {
				ALWAYS_SEARCH_USER_PATHS = NO;
				CLANG_ANALYZER_NONNULL = YES;
				CLANG_ANALYZER_NUMBER_OBJECT_CONVERSION = YES_AGGRESSIVE;
				CLANG_CXX_LANGUAGE_STANDARD = "gnu++14";
				CLANG_CXX_LIBRARY = "libc++";
				CLANG_ENABLE_MODULES = YES;
				CLANG_ENABLE_OBJC_ARC = YES;
				CLANG_ENABLE_OBJC_WEAK = YES;
				CLANG_WARN_BLOCK_CAPTURE_AUTORELEASING = YES;
				CLANG_WARN_BOOL_CONVERSION = YES;
				CLANG_WARN_COMMA = YES;
				CLANG_WARN_CONSTANT_CONVERSION = YES;
				CLANG_WARN_DEPRECATED_OBJC_IMPLEMENTATIONS = YES;
				CLANG_WARN_DIRECT_OBJC_ISA_USAGE = YES_ERROR;
				CLANG_WARN_DOCUMENTATION_COMMENTS = YES;
				CLANG_WARN_EMPTY_BODY = YES;
				CLANG_WARN_ENUM_CONVERSION = YES;
				CLANG_WARN_INFINITE_RECURSION = YES;
				CLANG_WARN_INT_CONVERSION = YES;
				CLANG_WARN_NON_LITERAL_NULL_CONVERSION = YES;
				CLANG_WARN_OBJC_IMPLICIT_RETAIN_SELF = YES;
				CLANG_WARN_OBJC_LITERAL_CONVERSION = YES;
				CLANG_WARN_OBJC_ROOT_CLASS = YES_ERROR;
				CLANG_WARN_QUOTED_INCLUDE_IN_FRAMEWORK_HEADER = YES;
				CLANG_WARN_RANGE_LOOP_ANALYSIS = YES;
				CLANG_WARN_STRICT_PROTOTYPES = YES;
				CLANG_WARN_SUSPICIOUS_MOVE = YES;
				CLANG_WARN_UNGUARDED_AVAILABILITY = YES_AGGRESSIVE;
				CLANG_WARN_UNREACHABLE_CODE = YES;
				CLANG_WARN__DUPLICATE_METHOD_MATCH = YES;
				COPY_PHASE_STRIP = NO;
				DEBUG_INFORMATION_FORMAT = dwarf;
				ENABLE_STRICT_OBJC_MSGSEND = YES;
				ENABLE_TESTABILITY = YES;
				GCC_C_LANGUAGE_STANDARD = gnu11;
				GCC_DYNAMIC_NO_PIC = NO;
				GCC_NO_COMMON_BLOCKS = YES;
				GCC_OPTIMIZATION_LEVEL = 0;
				GCC_PREPROCESSOR_DEFINITIONS = (
					"DEBUG=1",
					"$(inherited)",
				);
				GCC_WARN_64_TO_32_BIT_CONVERSION = YES;
				GCC_WARN_ABOUT_RETURN_TYPE = YES_ERROR;
				GCC_WARN_UNDECLARED_SELECTOR = YES;
				GCC_WARN_UNINITIALIZED_AUTOS = YES_AGGRESSIVE;
				GCC_WARN_UNUSED_FUNCTION = YES;
				GCC_WARN_UNUSED_VARIABLE = YES;
				IPHONEOS_DEPLOYMENT_TARGET = 14.5;
				MTL_ENABLE_DEBUG_INFO = INCLUDE_SOURCE;
				MTL_FAST_MATH = YES;
				ONLY_ACTIVE_ARCH = YES;
				SDKROOT = iphoneos;
				SWIFT_ACTIVE_COMPILATION_CONDITIONS = DEBUG;
				SWIFT_OPTIMIZATION_LEVEL = "-Onone";
			};
			name = Debug;
		};
		10CA2F262655011200AAC540 /* Release */ = {
			isa = XCBuildConfiguration;
			buildSettings = {
				ALWAYS_SEARCH_USER_PATHS = NO;
				CLANG_ANALYZER_NONNULL = YES;
				CLANG_ANALYZER_NUMBER_OBJECT_CONVERSION = YES_AGGRESSIVE;
				CLANG_CXX_LANGUAGE_STANDARD = "gnu++14";
				CLANG_CXX_LIBRARY = "libc++";
				CLANG_ENABLE_MODULES = YES;
				CLANG_ENABLE_OBJC_ARC = YES;
				CLANG_ENABLE_OBJC_WEAK = YES;
				CLANG_WARN_BLOCK_CAPTURE_AUTORELEASING = YES;
				CLANG_WARN_BOOL_CONVERSION = YES;
				CLANG_WARN_COMMA = YES;
				CLANG_WARN_CONSTANT_CONVERSION = YES;
				CLANG_WARN_DEPRECATED_OBJC_IMPLEMENTATIONS = YES;
				CLANG_WARN_DIRECT_OBJC_ISA_USAGE = YES_ERROR;
				CLANG_WARN_DOCUMENTATION_COMMENTS = YES;
				CLANG_WARN_EMPTY_BODY = YES;
				CLANG_WARN_ENUM_CONVERSION = YES;
				CLANG_WARN_INFINITE_RECURSION = YES;
				CLANG_WARN_INT_CONVERSION = YES;
				CLANG_WARN_NON_LITERAL_NULL_CONVERSION = YES;
				CLANG_WARN_OBJC_IMPLICIT_RETAIN_SELF = YES;
				CLANG_WARN_OBJC_LITERAL_CONVERSION = YES;
				CLANG_WARN_OBJC_ROOT_CLASS = YES_ERROR;
				CLANG_WARN_QUOTED_INCLUDE_IN_FRAMEWORK_HEADER = YES;
				CLANG_WARN_RANGE_LOOP_ANALYSIS = YES;
				CLANG_WARN_STRICT_PROTOTYPES = YES;
				CLANG_WARN_SUSPICIOUS_MOVE = YES;
				CLANG_WARN_UNGUARDED_AVAILABILITY = YES_AGGRESSIVE;
				CLANG_WARN_UNREACHABLE_CODE = YES;
				CLANG_WARN__DUPLICATE_METHOD_MATCH = YES;
				COPY_PHASE_STRIP = NO;
				DEBUG_INFORMATION_FORMAT = "dwarf-with-dsym";
				ENABLE_NS_ASSERTIONS = NO;
				ENABLE_STRICT_OBJC_MSGSEND = YES;
				GCC_C_LANGUAGE_STANDARD = gnu11;
				GCC_NO_COMMON_BLOCKS = YES;
				GCC_WARN_64_TO_32_BIT_CONVERSION = YES;
				GCC_WARN_ABOUT_RETURN_TYPE = YES_ERROR;
				GCC_WARN_UNDECLARED_SELECTOR = YES;
				GCC_WARN_UNINITIALIZED_AUTOS = YES_AGGRESSIVE;
				GCC_WARN_UNUSED_FUNCTION = YES;
				GCC_WARN_UNUSED_VARIABLE = YES;
				IPHONEOS_DEPLOYMENT_TARGET = 14.5;
				MTL_ENABLE_DEBUG_INFO = NO;
				MTL_FAST_MATH = YES;
				SDKROOT = iphoneos;
				SWIFT_COMPILATION_MODE = wholemodule;
				SWIFT_OPTIMIZATION_LEVEL = "-O";
				VALIDATE_PRODUCT = YES;
			};
			name = Release;
		};
		10CA2F282655011200AAC540 /* Debug */ = {
			isa = XCBuildConfiguration;
			buildSettings = {
				ASSETCATALOG_COMPILER_APPICON_NAME = AppIcon;
				ASSETCATALOG_COMPILER_GLOBAL_ACCENT_COLOR_NAME = AccentColor;
				CODE_SIGN_STYLE = Automatic;
				DEVELOPMENT_ASSET_PATHS = "\"NasaMarsAPI/Preview Content\"";
				DEVELOPMENT_TEAM = C4BB468227;
				ENABLE_PREVIEWS = YES;
				INFOPLIST_FILE = NasaMarsAPI/Info.plist;
				IPHONEOS_DEPLOYMENT_TARGET = 14.5;
				LD_RUNPATH_SEARCH_PATHS = (
					"$(inherited)",
					"@executable_path/Frameworks",
				);
				PRODUCT_BUNDLE_IDENTIFIER = com.erencelik.NasaMarsAPI;
				PRODUCT_NAME = "$(TARGET_NAME)";
				SWIFT_VERSION = 5.0;
				TARGETED_DEVICE_FAMILY = "1,2";
			};
			name = Debug;
		};
		10CA2F292655011200AAC540 /* Release */ = {
			isa = XCBuildConfiguration;
			buildSettings = {
				ASSETCATALOG_COMPILER_APPICON_NAME = AppIcon;
				ASSETCATALOG_COMPILER_GLOBAL_ACCENT_COLOR_NAME = AccentColor;
				CODE_SIGN_STYLE = Automatic;
				DEVELOPMENT_ASSET_PATHS = "\"NasaMarsAPI/Preview Content\"";
				DEVELOPMENT_TEAM = C4BB468227;
				ENABLE_PREVIEWS = YES;
				INFOPLIST_FILE = NasaMarsAPI/Info.plist;
				IPHONEOS_DEPLOYMENT_TARGET = 14.5;
				LD_RUNPATH_SEARCH_PATHS = (
					"$(inherited)",
					"@executable_path/Frameworks",
				);
				PRODUCT_BUNDLE_IDENTIFIER = com.erencelik.NasaMarsAPI;
				PRODUCT_NAME = "$(TARGET_NAME)";
				SWIFT_VERSION = 5.0;
				TARGETED_DEVICE_FAMILY = "1,2";
			};
			name = Release;
		};
		10CA2F2B2655011200AAC540 /* Debug */ = {
			isa = XCBuildConfiguration;
			buildSettings = {
				ALWAYS_EMBED_SWIFT_STANDARD_LIBRARIES = YES;
				BUNDLE_LOADER = "$(TEST_HOST)";
				CODE_SIGN_STYLE = Automatic;
				DEVELOPMENT_TEAM = C4BB468227;
				INFOPLIST_FILE = NasaMarsAPITests/Info.plist;
				IPHONEOS_DEPLOYMENT_TARGET = 14.5;
				LD_RUNPATH_SEARCH_PATHS = (
					"$(inherited)",
					"@executable_path/Frameworks",
					"@loader_path/Frameworks",
				);
				PRODUCT_BUNDLE_IDENTIFIER = com.erencelik.NasaMarsAPITests;
				PRODUCT_NAME = "$(TARGET_NAME)";
				SWIFT_VERSION = 5.0;
				TARGETED_DEVICE_FAMILY = "1,2";
				TEST_HOST = "$(BUILT_PRODUCTS_DIR)/NasaMarsAPI.app/NasaMarsAPI";
			};
			name = Debug;
		};
		10CA2F2C2655011200AAC540 /* Release */ = {
			isa = XCBuildConfiguration;
			buildSettings = {
				ALWAYS_EMBED_SWIFT_STANDARD_LIBRARIES = YES;
				BUNDLE_LOADER = "$(TEST_HOST)";
				CODE_SIGN_STYLE = Automatic;
				DEVELOPMENT_TEAM = C4BB468227;
				INFOPLIST_FILE = NasaMarsAPITests/Info.plist;
				IPHONEOS_DEPLOYMENT_TARGET = 14.5;
				LD_RUNPATH_SEARCH_PATHS = (
					"$(inherited)",
					"@executable_path/Frameworks",
					"@loader_path/Frameworks",
				);
				PRODUCT_BUNDLE_IDENTIFIER = com.erencelik.NasaMarsAPITests;
				PRODUCT_NAME = "$(TARGET_NAME)";
				SWIFT_VERSION = 5.0;
				TARGETED_DEVICE_FAMILY = "1,2";
				TEST_HOST = "$(BUILT_PRODUCTS_DIR)/NasaMarsAPI.app/NasaMarsAPI";
			};
			name = Release;
		};
		10CA2F2E2655011200AAC540 /* Debug */ = {
			isa = XCBuildConfiguration;
			buildSettings = {
				ALWAYS_EMBED_SWIFT_STANDARD_LIBRARIES = YES;
				CODE_SIGN_STYLE = Automatic;
				DEVELOPMENT_TEAM = C4BB468227;
				INFOPLIST_FILE = NasaMarsAPIUITests/Info.plist;
				LD_RUNPATH_SEARCH_PATHS = (
					"$(inherited)",
					"@executable_path/Frameworks",
					"@loader_path/Frameworks",
				);
				PRODUCT_BUNDLE_IDENTIFIER = com.erencelik.NasaMarsAPIUITests;
				PRODUCT_NAME = "$(TARGET_NAME)";
				SWIFT_VERSION = 5.0;
				TARGETED_DEVICE_FAMILY = "1,2";
				TEST_TARGET_NAME = NasaMarsAPI;
			};
			name = Debug;
		};
		10CA2F2F2655011200AAC540 /* Release */ = {
			isa = XCBuildConfiguration;
			buildSettings = {
				ALWAYS_EMBED_SWIFT_STANDARD_LIBRARIES = YES;
				CODE_SIGN_STYLE = Automatic;
				DEVELOPMENT_TEAM = C4BB468227;
				INFOPLIST_FILE = NasaMarsAPIUITests/Info.plist;
				LD_RUNPATH_SEARCH_PATHS = (
					"$(inherited)",
					"@executable_path/Frameworks",
					"@loader_path/Frameworks",
				);
				PRODUCT_BUNDLE_IDENTIFIER = com.erencelik.NasaMarsAPIUITests;
				PRODUCT_NAME = "$(TARGET_NAME)";
				SWIFT_VERSION = 5.0;
				TARGETED_DEVICE_FAMILY = "1,2";
				TEST_TARGET_NAME = NasaMarsAPI;
			};
			name = Release;
		};
/* End XCBuildConfiguration section */

/* Begin XCConfigurationList section */
		10CA2EFD2655010C00AAC540 /* Build configuration list for PBXProject "NasaMarsAPI" */ = {
			isa = XCConfigurationList;
			buildConfigurations = (
				10CA2F252655011200AAC540 /* Debug */,
				10CA2F262655011200AAC540 /* Release */,
			);
			defaultConfigurationIsVisible = 0;
			defaultConfigurationName = Release;
		};
		10CA2F272655011200AAC540 /* Build configuration list for PBXNativeTarget "NasaMarsAPI" */ = {
			isa = XCConfigurationList;
			buildConfigurations = (
				10CA2F282655011200AAC540 /* Debug */,
				10CA2F292655011200AAC540 /* Release */,
			);
			defaultConfigurationIsVisible = 0;
			defaultConfigurationName = Release;
		};
		10CA2F2A2655011200AAC540 /* Build configuration list for PBXNativeTarget "NasaMarsAPITests" */ = {
			isa = XCConfigurationList;
			buildConfigurations = (
				10CA2F2B2655011200AAC540 /* Debug */,
				10CA2F2C2655011200AAC540 /* Release */,
			);
			defaultConfigurationIsVisible = 0;
			defaultConfigurationName = Release;
		};
		10CA2F2D2655011200AAC540 /* Build configuration list for PBXNativeTarget "NasaMarsAPIUITests" */ = {
			isa = XCConfigurationList;
			buildConfigurations = (
				10CA2F2E2655011200AAC540 /* Debug */,
				10CA2F2F2655011200AAC540 /* Release */,
			);
			defaultConfigurationIsVisible = 0;
			defaultConfigurationName = Release;
		};
/* End XCConfigurationList section */

/* Begin XCRemoteSwiftPackageReference section */
		10CA2F4E265549A500AAC540 /* XCRemoteSwiftPackageReference "SDWebImageSwiftUI" */ = {
			isa = XCRemoteSwiftPackageReference;
			repositoryURL = "https://github.com/SDWebImage/SDWebImageSwiftUI";
			requirement = {
				kind = upToNextMajorVersion;
				minimumVersion = 2.0.2;
			};
		};
/* End XCRemoteSwiftPackageReference section */

/* Begin XCSwiftPackageProductDependency section */
		10CA2F4F265549A500AAC540 /* SDWebImageSwiftUI */ = {
			isa = XCSwiftPackageProductDependency;
			package = 10CA2F4E265549A500AAC540 /* XCRemoteSwiftPackageReference "SDWebImageSwiftUI" */;
			productName = SDWebImageSwiftUI;
		};
/* End XCSwiftPackageProductDependency section */
	};
	rootObject = 10CA2EFA2655010C00AAC540 /* Project object */;
}
